
Microsoft Visual Studio Solution File, Format Version 12.00
# Visual Studio Version 16
VisualStudioVersion = 16.0.30717.126
MinimumVisualStudioVersion = 15.0.26124.0
Project("{9A19103F-16F7-4668-BE54-9A1E7A4F7556}") = "Songify.Simple", "Sonfify.Simple\Songify.Simple.csproj", "{3DC4FDDD-ECD6-488F-8CDE-59540B2D6ACF}"
EndProject
Global
	GlobalSection(SolutionConfigurationPlatforms) = preSolution
		Debug|Any CPU = Debug|Any CPU
		Debug|x64 = Debug|x64
		Debug|x86 = Debug|x86
		Release|Any CPU = Release|Any CPU
		Release|x64 = Release|x64
		Release|x86 = Release|x86
	EndGlobalSection
	GlobalSection(ProjectConfigurationPlatforms) = postSolution
		{3DC4FDDD-ECD6-488F-8CDE-59540B2D6ACF}.Debug|Any CPU.ActiveCfg = Debug|Any CPU
		{3DC4FDDD-ECD6-488F-8CDE-59540B2D6ACF}.Debug|Any CPU.Build.0 = Debug|Any CPU
		{3DC4FDDD-ECD6-488F-8CDE-59540B2D6ACF}.Debug|x64.ActiveCfg = Debug|Any CPU
		{3DC4FDDD-ECD6-488F-8CDE-59540B2D6ACF}.Debug|x64.Build.0 = Debug|Any CPU
		{3DC4FDDD-ECD6-488F-8CDE-59540B2D6ACF}.Debug|x86.ActiveCfg = Debug|Any CPU
		{3DC4FDDD-ECD6-488F-8CDE-59540B2D6ACF}.Debug|x86.Build.0 = Debug|Any CPU
		{3DC4FDDD-ECD6-488F-8CDE-59540B2D6ACF}.Release|Any CPU.ActiveCfg = Release|Any CPU
		{3DC4FDDD-ECD6-488F-8CDE-59540B2D6ACF}.Release|Any CPU.Build.0 = Release|Any CPU
		{3DC4FDDD-ECD6-488F-8CDE-59540B2D6ACF}.Release|x64.ActiveCfg = Release|Any CPU
		{3DC4FDDD-ECD6-488F-8CDE-59540B2D6ACF}.Release|x64.Build.0 = Release|Any CPU
		{3DC4FDDD-ECD6-488F-8CDE-59540B2D6ACF}.Release|x86.ActiveCfg = Release|Any CPU
		{3DC4FDDD-ECD6-488F-8CDE-59540B2D6ACF}.Release|x86.Build.0 = Release|Any CPU
	EndGlobalSection
	GlobalSection(SolutionProperties) = preSolution
		HideSolutionNode = FALSE
	EndGlobalSection
	GlobalSection(ExtensibilityGlobals) = postSolution
		SolutionGuid = {1EDDBFF1-B1F7-4C92-8B69-0CE9E71A44BE}
	EndGlobalSection
EndGlobal
